
Microsoft Visual Studio Solution File, Format Version 12.00
# Visual Studio 2013
VisualStudioVersion = 12.0.21005.1
MinimumVisualStudioVersion = 10.0.40219.1
Project("{FAE04EC0-301F-11D3-BF4B-00C04F79EFBC}") = "Act.LuckDraw", "LuckDraw\Act.LuckDraw.csproj", "{3F093CCE-9988-4D06-AF4C-072875FD53D7}"
EndProject
Project("{FAE04EC0-301F-11D3-BF4B-00C04F79EFBC}") = "Act.Questionnaire", "Questionnaire\Act.Questionnaire.csproj", "{744CB47A-39C5-48C8-90C7-822A2620AF3D}"
EndProject
Project("{FAE04EC0-301F-11D3-BF4B-00C04F79EFBC}") = "Manage", "Manage\Manage.csproj", "{0EE5B6D8-5F27-48E2-9296-FC7BEEBEEC0A}"
EndProject
Project("{2150E333-8FDC-42A3-9474-1A3956D46DE8}") = "Core", "Core", "{CFD00838-BE0C-4260-8CC9-118DAA177F60}"
EndProject
Project("{FAE04EC0-301F-11D3-BF4B-00C04F79EFBC}") = "YYT.Model", "YYT.Model\YYT.Model.csproj", "{C594B226-DB79-48CB-87BD-BE13378A01A9}"
EndProject
Project("{FAE04EC0-301F-11D3-BF4B-00C04F79EFBC}") = "YYT.DAL", "YYT.DAL\YYT.DAL.csproj", "{CE5E6204-AA18-45C8-B650-AB5F2E7E5E9C}"
EndProject
Project("{FAE04EC0-301F-11D3-BF4B-00C04F79EFBC}") = "YYT.BLL", "YYT.BLL\YYT.BLL.csproj", "{BC20B60E-8882-403D-9751-7E5DB77F405A}"
EndProject
Project("{FAE04EC0-301F-11D3-BF4B-00C04F79EFBC}") = "Framework", "Framework\Framework.csproj", "{F5ACB59C-5F88-400B-AA26-C25E1F508968}"
EndProject
Project("{2150E333-8FDC-42A3-9474-1A3956D46DE8}") = "Controllers", "Controllers", "{5CAF665B-C554-4E7B-9E59-3FA53FC1866A}"
EndProject
Project("{FAE04EC0-301F-11D3-BF4B-00C04F79EFBC}") = "WebControllers", "WebControllers\WebControllers.csproj", "{1C734833-A708-486E-B53C-A2DD045FEA23}"
EndProject
Project("{2150E333-8FDC-42A3-9474-1A3956D46DE8}") = "Wx", "Wx", "{D99DBC11-2992-465E-A100-3929E2520A0B}"
EndProject
Project("{FAE04EC0-301F-11D3-BF4B-00C04F79EFBC}") = "Auth", "Auth\Auth.csproj", "{0BEA9405-F661-4F86-8997-0AA73CB36FBB}"
EndProject
Project("{2150E333-8FDC-42A3-9474-1A3956D46DE8}") = "Activity", "Activity", "{ACD58BAD-0B6A-4639-A6FA-04BA23C02471}"
EndProject
Project("{FAE04EC0-301F-11D3-BF4B-00C04F79EFBC}") = "MSMQ", "MSMQ\MSMQ.csproj", "{A214FA3B-49F1-456F-8E17-55B954B64686}"
EndProject
Project("{FAE04EC0-301F-11D3-BF4B-00C04F79EFBC}") = "Events", "Events\Events.csproj", "{75864256-28A6-4141-86B3-65E5ED3172D9}"
EndProject
Project("{FAE04EC0-301F-11D3-BF4B-00C04F79EFBC}") = "YYT.Api", "YYT.Api\YYT.Api.csproj", "{4B82186C-DD2A-4AB6-B794-7D511DE2FF5D}"
EndProject
Project("{FAE04EC0-301F-11D3-BF4B-00C04F79EFBC}") = "Web", "Web\Web.csproj", "{94096570-3700-4A9F-9540-5A14D8822A69}"
EndProject
Project("{2150E333-8FDC-42A3-9474-1A3956D46DE8}") = "Pay", "Pay", "{7001897A-F074-492C-8057-AF5165BC8E1D}"
EndProject
Project("{FAE04EC0-301F-11D3-BF4B-00C04F79EFBC}") = "Payment", "Payment\Payment.csproj", "{CDF68A3E-F860-4049-8D2F-ECEF28ECC6FC}"
EndProject
Project("{2150E333-8FDC-42A3-9474-1A3956D46DE8}") = "Ayx", "Ayx", "{2922FDBB-028F-4FDC-9D8C-BAB743D4CEDB}"
EndProject
Project("{FAE04EC0-301F-11D3-BF4B-00C04F79EFBC}") = "Ayx", "Ayx\Ayx.csproj", "{BCB2FA2D-65EA-4999-95B4-EB5D09ADE363}"
EndProject
Project("{FAE04EC0-301F-11D3-BF4B-00C04F79EFBC}") = "Web.Api", "Web.Api\Web.Api.csproj", "{6692E4B6-0517-475D-BE15-2D9F0652628A}"
EndProject
Project("{FAE04EC0-301F-11D3-BF4B-00C04F79EFBC}") = "YYT.Entities", "YYT.Entities\YYT.Entities.csproj", "{460CB0D3-1CD9-43B6-AF40-19078D7E42C9}"
EndProject
Global
	GlobalSection(SolutionConfigurationPlatforms) = preSolution
		Debug|Any CPU = Debug|Any CPU
		Release|Any CPU = Release|Any CPU
	EndGlobalSection
	GlobalSection(ProjectConfigurationPlatforms) = postSolution
		{3F093CCE-9988-4D06-AF4C-072875FD53D7}.Debug|Any CPU.ActiveCfg = Debug|Any CPU
		{3F093CCE-9988-4D06-AF4C-072875FD53D7}.Debug|Any CPU.Build.0 = Debug|Any CPU
		{3F093CCE-9988-4D06-AF4C-072875FD53D7}.Release|Any CPU.ActiveCfg = Release|Any CPU
		{3F093CCE-9988-4D06-AF4C-072875FD53D7}.Release|Any CPU.Build.0 = Release|Any CPU
		{744CB47A-39C5-48C8-90C7-822A2620AF3D}.Debug|Any CPU.ActiveCfg = Debug|Any CPU
		{744CB47A-39C5-48C8-90C7-822A2620AF3D}.Debug|Any CPU.Build.0 = Debug|Any CPU
		{744CB47A-39C5-48C8-90C7-822A2620AF3D}.Release|Any CPU.ActiveCfg = Release|Any CPU
		{744CB47A-39C5-48C8-90C7-822A2620AF3D}.Release|Any CPU.Build.0 = Release|Any CPU
		{0EE5B6D8-5F27-48E2-9296-FC7BEEBEEC0A}.Debug|Any CPU.ActiveCfg = Debug|Any CPU
		{0EE5B6D8-5F27-48E2-9296-FC7BEEBEEC0A}.Debug|Any CPU.Build.0 = Debug|Any CPU
		{0EE5B6D8-5F27-48E2-9296-FC7BEEBEEC0A}.Release|Any CPU.ActiveCfg = Release|Any CPU
		{0EE5B6D8-5F27-48E2-9296-FC7BEEBEEC0A}.Release|Any CPU.Build.0 = Release|Any CPU
		{C594B226-DB79-48CB-87BD-BE13378A01A9}.Debug|Any CPU.ActiveCfg = Debug|Any CPU
		{C594B226-DB79-48CB-87BD-BE13378A01A9}.Debug|Any CPU.Build.0 = Debug|Any CPU
		{C594B226-DB79-48CB-87BD-BE13378A01A9}.Release|Any CPU.ActiveCfg = Release|Any CPU
		{C594B226-DB79-48CB-87BD-BE13378A01A9}.Release|Any CPU.Build.0 = Release|Any CPU
		{CE5E6204-AA18-45C8-B650-AB5F2E7E5E9C}.Debug|Any CPU.ActiveCfg = Debug|Any CPU
		{CE5E6204-AA18-45C8-B650-AB5F2E7E5E9C}.Debug|Any CPU.Build.0 = Debug|Any CPU
		{CE5E6204-AA18-45C8-B650-AB5F2E7E5E9C}.Release|Any CPU.ActiveCfg = Release|Any CPU
		{CE5E6204-AA18-45C8-B650-AB5F2E7E5E9C}.Release|Any CPU.Build.0 = Release|Any CPU
		{BC20B60E-8882-403D-9751-7E5DB77F405A}.Debug|Any CPU.ActiveCfg = Debug|Any CPU
		{BC20B60E-8882-403D-9751-7E5DB77F405A}.Debug|Any CPU.Build.0 = Debug|Any CPU
		{BC20B60E-8882-403D-9751-7E5DB77F405A}.Release|Any CPU.ActiveCfg = Release|Any CPU
		{BC20B60E-8882-403D-9751-7E5DB77F405A}.Release|Any CPU.Build.0 = Release|Any CPU
		{F5ACB59C-5F88-400B-AA26-C25E1F508968}.Debug|Any CPU.ActiveCfg = Debug|Any CPU
		{F5ACB59C-5F88-400B-AA26-C25E1F508968}.Debug|Any CPU.Build.0 = Debug|Any CPU
		{F5ACB59C-5F88-400B-AA26-C25E1F508968}.Release|Any CPU.ActiveCfg = Release|Any CPU
		{F5ACB59C-5F88-400B-AA26-C25E1F508968}.Release|Any CPU.Build.0 = Release|Any CPU
		{1C734833-A708-486E-B53C-A2DD045FEA23}.Debug|Any CPU.ActiveCfg = Debug|Any CPU
		{1C734833-A708-486E-B53C-A2DD045FEA23}.Debug|Any CPU.Build.0 = Debug|Any CPU
		{1C734833-A708-486E-B53C-A2DD045FEA23}.Release|Any CPU.ActiveCfg = Release|Any CPU
		{1C734833-A708-486E-B53C-A2DD045FEA23}.Release|Any CPU.Build.0 = Release|Any CPU
		{0BEA9405-F661-4F86-8997-0AA73CB36FBB}.Debug|Any CPU.ActiveCfg = Debug|Any CPU
		{0BEA9405-F661-4F86-8997-0AA73CB36FBB}.Debug|Any CPU.Build.0 = Debug|Any CPU
		{0BEA9405-F661-4F86-8997-0AA73CB36FBB}.Release|Any CPU.ActiveCfg = Release|Any CPU
		{0BEA9405-F661-4F86-8997-0AA73CB36FBB}.Release|Any CPU.Build.0 = Release|Any CPU
		{A214FA3B-49F1-456F-8E17-55B954B64686}.Debug|Any CPU.ActiveCfg = Debug|Any CPU
		{A214FA3B-49F1-456F-8E17-55B954B64686}.Debug|Any CPU.Build.0 = Debug|Any CPU
		{A214FA3B-49F1-456F-8E17-55B954B64686}.Release|Any CPU.ActiveCfg = Release|Any CPU
		{A214FA3B-49F1-456F-8E17-55B954B64686}.Release|Any CPU.Build.0 = Release|Any CPU
		{75864256-28A6-4141-86B3-65E5ED3172D9}.Debug|Any CPU.ActiveCfg = Debug|Any CPU
		{75864256-28A6-4141-86B3-65E5ED3172D9}.Debug|Any CPU.Build.0 = Debug|Any CPU
		{75864256-28A6-4141-86B3-65E5ED3172D9}.Release|Any CPU.ActiveCfg = Release|Any CPU
		{75864256-28A6-4141-86B3-65E5ED3172D9}.Release|Any CPU.Build.0 = Release|Any CPU
		{4B82186C-DD2A-4AB6-B794-7D511DE2FF5D}.Debug|Any CPU.ActiveCfg = Debug|Any CPU
		{4B82186C-DD2A-4AB6-B794-7D511DE2FF5D}.Debug|Any CPU.Build.0 = Debug|Any CPU
		{4B82186C-DD2A-4AB6-B794-7D511DE2FF5D}.Release|Any CPU.ActiveCfg = Release|Any CPU
		{4B82186C-DD2A-4AB6-B794-7D511DE2FF5D}.Release|Any CPU.Build.0 = Release|Any CPU
		{94096570-3700-4A9F-9540-5A14D8822A69}.Debug|Any CPU.ActiveCfg = Debug|Any CPU
		{94096570-3700-4A9F-9540-5A14D8822A69}.Debug|Any CPU.Build.0 = Debug|Any CPU
		{94096570-3700-4A9F-9540-5A14D8822A69}.Release|Any CPU.ActiveCfg = Release|Any CPU
		{94096570-3700-4A9F-9540-5A14D8822A69}.Release|Any CPU.Build.0 = Release|Any CPU
		{CDF68A3E-F860-4049-8D2F-ECEF28ECC6FC}.Debug|Any CPU.ActiveCfg = Debug|Any CPU
		{CDF68A3E-F860-4049-8D2F-ECEF28ECC6FC}.Debug|Any CPU.Build.0 = Debug|Any CPU
		{CDF68A3E-F860-4049-8D2F-ECEF28ECC6FC}.Release|Any CPU.ActiveCfg = Release|Any CPU
		{CDF68A3E-F860-4049-8D2F-ECEF28ECC6FC}.Release|Any CPU.Build.0 = Release|Any CPU
		{BCB2FA2D-65EA-4999-95B4-EB5D09ADE363}.Debug|Any CPU.ActiveCfg = Debug|Any CPU
		{BCB2FA2D-65EA-4999-95B4-EB5D09ADE363}.Debug|Any CPU.Build.0 = Debug|Any CPU
		{BCB2FA2D-65EA-4999-95B4-EB5D09ADE363}.Release|Any CPU.ActiveCfg = Release|Any CPU
		{BCB2FA2D-65EA-4999-95B4-EB5D09ADE363}.Release|Any CPU.Build.0 = Release|Any CPU
		{6692E4B6-0517-475D-BE15-2D9F0652628A}.Debug|Any CPU.ActiveCfg = Debug|Any CPU
		{6692E4B6-0517-475D-BE15-2D9F0652628A}.Debug|Any CPU.Build.0 = Debug|Any CPU
		{6692E4B6-0517-475D-BE15-2D9F0652628A}.Release|Any CPU.ActiveCfg = Release|Any CPU
		{6692E4B6-0517-475D-BE15-2D9F0652628A}.Release|Any CPU.Build.0 = Release|Any CPU
		{460CB0D3-1CD9-43B6-AF40-19078D7E42C9}.Debug|Any CPU.ActiveCfg = Debug|Any CPU
		{460CB0D3-1CD9-43B6-AF40-19078D7E42C9}.Debug|Any CPU.Build.0 = Debug|Any CPU
		{460CB0D3-1CD9-43B6-AF40-19078D7E42C9}.Release|Any CPU.ActiveCfg = Release|Any CPU
		{460CB0D3-1CD9-43B6-AF40-19078D7E42C9}.Release|Any CPU.Build.0 = Release|Any CPU
	EndGlobalSection
	GlobalSection(SolutionProperties) = preSolution
		HideSolutionNode = FALSE
	EndGlobalSection
	GlobalSection(NestedProjects) = preSolution
		{0BEA9405-F661-4F86-8997-0AA73CB36FBB} = {D99DBC11-2992-465E-A100-3929E2520A0B}
		{744CB47A-39C5-48C8-90C7-822A2620AF3D} = {ACD58BAD-0B6A-4639-A6FA-04BA23C02471}
		{3F093CCE-9988-4D06-AF4C-072875FD53D7} = {ACD58BAD-0B6A-4639-A6FA-04BA23C02471}
		{C594B226-DB79-48CB-87BD-BE13378A01A9} = {CFD00838-BE0C-4260-8CC9-118DAA177F60}
		{CE5E6204-AA18-45C8-B650-AB5F2E7E5E9C} = {CFD00838-BE0C-4260-8CC9-118DAA177F60}
		{BC20B60E-8882-403D-9751-7E5DB77F405A} = {CFD00838-BE0C-4260-8CC9-118DAA177F60}
		{F5ACB59C-5F88-400B-AA26-C25E1F508968} = {CFD00838-BE0C-4260-8CC9-118DAA177F60}
		{A214FA3B-49F1-456F-8E17-55B954B64686} = {CFD00838-BE0C-4260-8CC9-118DAA177F60}
		{75864256-28A6-4141-86B3-65E5ED3172D9} = {CFD00838-BE0C-4260-8CC9-118DAA177F60}
		{460CB0D3-1CD9-43B6-AF40-19078D7E42C9} = {CFD00838-BE0C-4260-8CC9-118DAA177F60}
		{1C734833-A708-486E-B53C-A2DD045FEA23} = {5CAF665B-C554-4E7B-9E59-3FA53FC1866A}
		{4B82186C-DD2A-4AB6-B794-7D511DE2FF5D} = {5CAF665B-C554-4E7B-9E59-3FA53FC1866A}
		{CDF68A3E-F860-4049-8D2F-ECEF28ECC6FC} = {7001897A-F074-492C-8057-AF5165BC8E1D}
		{BCB2FA2D-65EA-4999-95B4-EB5D09ADE363} = {2922FDBB-028F-4FDC-9D8C-BAB743D4CEDB}
	EndGlobalSection
EndGlobal
